
Microsoft Visual Studio Solution File, Format Version 12.00
# Visual Studio Version 17
VisualStudioVersion = 17.10.35027.167
MinimumVisualStudioVersion = 10.0.40219.1
Project("{FAE04EC0-301F-11D3-BF4B-00C04F79EFBC}") = "Leet_3014", "Leet_3014\Leet_3014.csproj", "{B6F20026-96F9-4BBA-9EFD-B8970CC97FAA}"
EndProject
Global
	GlobalSection(SolutionConfigurationPlatforms) = preSolution
		Debug|Any CPU = Debug|Any CPU
		Release|Any CPU = Release|Any CPU
	EndGlobalSection
	GlobalSection(ProjectConfigurationPlatforms) = postSolution
		{B6F20026-96F9-4BBA-9EFD-B8970CC97FAA}.Debug|Any CPU.ActiveCfg = Debug|Any CPU
		{B6F20026-96F9-4BBA-9EFD-B8970CC97FAA}.Debug|Any CPU.Build.0 = Debug|Any CPU
		{B6F20026-96F9-4BBA-9EFD-B8970CC97FAA}.Release|Any CPU.ActiveCfg = Release|Any CPU
		{B6F20026-96F9-4BBA-9EFD-B8970CC97FAA}.Release|Any CPU.Build.0 = Release|Any CPU
	EndGlobalSection
	GlobalSection(SolutionProperties) = preSolution
		HideSolutionNode = FALSE
	EndGlobalSection
	GlobalSection(ExtensibilityGlobals) = postSolution
		SolutionGuid = {B768A8FB-4928-4D7C-8370-5D9FFF641070}
	EndGlobalSection
EndGlobal
