
Microsoft Visual Studio Solution File, Format Version 12.00
# Visual Studio Version 17
VisualStudioVersion = 17.10.35027.167
MinimumVisualStudioVersion = 10.0.40219.1
Project("{FAE04EC0-301F-11D3-BF4B-00C04F79EFBC}") = "Leet_3513", "Leet_3513\Leet_3513.csproj", "{99A592CB-CA5E-43AE-BE07-F5E1EA3682CA}"
EndProject
Global
	GlobalSection(SolutionConfigurationPlatforms) = preSolution
		Debug|Any CPU = Debug|Any CPU
		Release|Any CPU = Release|Any CPU
	EndGlobalSection
	GlobalSection(ProjectConfigurationPlatforms) = postSolution
		{99A592CB-CA5E-43AE-BE07-F5E1EA3682CA}.Debug|Any CPU.ActiveCfg = Debug|Any CPU
		{99A592CB-CA5E-43AE-BE07-F5E1EA3682CA}.Debug|Any CPU.Build.0 = Debug|Any CPU
		{99A592CB-CA5E-43AE-BE07-F5E1EA3682CA}.Release|Any CPU.ActiveCfg = Release|Any CPU
		{99A592CB-CA5E-43AE-BE07-F5E1EA3682CA}.Release|Any CPU.Build.0 = Release|Any CPU
	EndGlobalSection
	GlobalSection(SolutionProperties) = preSolution
		HideSolutionNode = FALSE
	EndGlobalSection
	GlobalSection(ExtensibilityGlobals) = postSolution
		SolutionGuid = {BD2AC455-8174-4A3A-8947-EB279ABADD74}
	EndGlobalSection
EndGlobal
