
Microsoft Visual Studio Solution File, Format Version 12.00
# Visual Studio Version 17
VisualStudioVersion = 17.10.35027.167
MinimumVisualStudioVersion = 10.0.40219.1
Project("{FAE04EC0-301F-11D3-BF4B-00C04F79EFBC}") = "Leet_3658", "Leet_3658\Leet_3658.csproj", "{1D7C0E41-E0C3-4542-B82C-51F2550A9001}"
EndProject
Global
	GlobalSection(SolutionConfigurationPlatforms) = preSolution
		Debug|Any CPU = Debug|Any CPU
		Release|Any CPU = Release|Any CPU
	EndGlobalSection
	GlobalSection(ProjectConfigurationPlatforms) = postSolution
		{1D7C0E41-E0C3-4542-B82C-51F2550A9001}.Debug|Any CPU.ActiveCfg = Debug|Any CPU
		{1D7C0E41-E0C3-4542-B82C-51F2550A9001}.Debug|Any CPU.Build.0 = Debug|Any CPU
		{1D7C0E41-E0C3-4542-B82C-51F2550A9001}.Release|Any CPU.ActiveCfg = Release|Any CPU
		{1D7C0E41-E0C3-4542-B82C-51F2550A9001}.Release|Any CPU.Build.0 = Release|Any CPU
	EndGlobalSection
	GlobalSection(SolutionProperties) = preSolution
		HideSolutionNode = FALSE
	EndGlobalSection
	GlobalSection(ExtensibilityGlobals) = postSolution
		SolutionGuid = {A6EC899F-E701-4DBB-BC5E-D0B52FF10CAB}
	EndGlobalSection
EndGlobal
