
Microsoft Visual Studio Solution File, Format Version 12.00
# Visual Studio Version 17
VisualStudioVersion = 17.10.35027.167
MinimumVisualStudioVersion = 10.0.40219.1
Project("{FAE04EC0-301F-11D3-BF4B-00C04F79EFBC}") = "Leet_3514", "Leet_3514\Leet_3514.csproj", "{751FB359-42F9-4940-8D61-44D913D7E7C5}"
EndProject
Global
	GlobalSection(SolutionConfigurationPlatforms) = preSolution
		Debug|Any CPU = Debug|Any CPU
		Release|Any CPU = Release|Any CPU
	EndGlobalSection
	GlobalSection(ProjectConfigurationPlatforms) = postSolution
		{751FB359-42F9-4940-8D61-44D913D7E7C5}.Debug|Any CPU.ActiveCfg = Debug|Any CPU
		{751FB359-42F9-4940-8D61-44D913D7E7C5}.Debug|Any CPU.Build.0 = Debug|Any CPU
		{751FB359-42F9-4940-8D61-44D913D7E7C5}.Release|Any CPU.ActiveCfg = Release|Any CPU
		{751FB359-42F9-4940-8D61-44D913D7E7C5}.Release|Any CPU.Build.0 = Release|Any CPU
	EndGlobalSection
	GlobalSection(SolutionProperties) = preSolution
		HideSolutionNode = FALSE
	EndGlobalSection
	GlobalSection(ExtensibilityGlobals) = postSolution
		SolutionGuid = {9CAD77C8-1821-430E-A191-AC5A49D60410}
	EndGlobalSection
EndGlobal
