
Microsoft Visual Studio Solution File, Format Version 12.00
# Visual Studio Version 17
VisualStudioVersion = 17.10.35027.167
MinimumVisualStudioVersion = 10.0.40219.1
Project("{FAE04EC0-301F-11D3-BF4B-00C04F79EFBC}") = "Leet_3532", "Leet_3532\Leet_3532.csproj", "{7982701C-49BF-4B8F-AD62-820883B9CB85}"
EndProject
Global
	GlobalSection(SolutionConfigurationPlatforms) = preSolution
		Debug|Any CPU = Debug|Any CPU
		Release|Any CPU = Release|Any CPU
	EndGlobalSection
	GlobalSection(ProjectConfigurationPlatforms) = postSolution
		{7982701C-49BF-4B8F-AD62-820883B9CB85}.Debug|Any CPU.ActiveCfg = Debug|Any CPU
		{7982701C-49BF-4B8F-AD62-820883B9CB85}.Debug|Any CPU.Build.0 = Debug|Any CPU
		{7982701C-49BF-4B8F-AD62-820883B9CB85}.Release|Any CPU.ActiveCfg = Release|Any CPU
		{7982701C-49BF-4B8F-AD62-820883B9CB85}.Release|Any CPU.Build.0 = Release|Any CPU
	EndGlobalSection
	GlobalSection(SolutionProperties) = preSolution
		HideSolutionNode = FALSE
	EndGlobalSection
	GlobalSection(ExtensibilityGlobals) = postSolution
		SolutionGuid = {BE879D55-70AF-4693-9E6F-6C90A0FB2F7D}
	EndGlobalSection
EndGlobal
