
Microsoft Visual Studio Solution File, Format Version 12.00
# Visual Studio Version 17
VisualStudioVersion = 17.10.35027.167
MinimumVisualStudioVersion = 10.0.40219.1
Project("{FAE04EC0-301F-11D3-BF4B-00C04F79EFBC}") = "Leet_3016", "Leet_3016\Leet_3016.csproj", "{844354C5-CFEC-4545-947E-FC5FD6BBF547}"
EndProject
Global
	GlobalSection(SolutionConfigurationPlatforms) = preSolution
		Debug|Any CPU = Debug|Any CPU
		Release|Any CPU = Release|Any CPU
	EndGlobalSection
	GlobalSection(ProjectConfigurationPlatforms) = postSolution
		{844354C5-CFEC-4545-947E-FC5FD6BBF547}.Debug|Any CPU.ActiveCfg = Debug|Any CPU
		{844354C5-CFEC-4545-947E-FC5FD6BBF547}.Debug|Any CPU.Build.0 = Debug|Any CPU
		{844354C5-CFEC-4545-947E-FC5FD6BBF547}.Release|Any CPU.ActiveCfg = Release|Any CPU
		{844354C5-CFEC-4545-947E-FC5FD6BBF547}.Release|Any CPU.Build.0 = Release|Any CPU
	EndGlobalSection
	GlobalSection(SolutionProperties) = preSolution
		HideSolutionNode = FALSE
	EndGlobalSection
	GlobalSection(ExtensibilityGlobals) = postSolution
		SolutionGuid = {25B44737-6B25-4668-BFBD-24C0A06F638B}
	EndGlobalSection
EndGlobal
