
Microsoft Visual Studio Solution File, Format Version 12.00
# Visual Studio Version 17
VisualStudioVersion = 17.10.35027.167
MinimumVisualStudioVersion = 10.0.40219.1
Project("{FAE04EC0-301F-11D3-BF4B-00C04F79EFBC}") = "Leet_835", "Leet_835\Leet_835.csproj", "{05593F4F-4C72-4EA0-B068-D49D7C0FBF44}"
EndProject
Global
	GlobalSection(SolutionConfigurationPlatforms) = preSolution
		Debug|Any CPU = Debug|Any CPU
		Release|Any CPU = Release|Any CPU
	EndGlobalSection
	GlobalSection(ProjectConfigurationPlatforms) = postSolution
		{05593F4F-4C72-4EA0-B068-D49D7C0FBF44}.Debug|Any CPU.ActiveCfg = Debug|Any CPU
		{05593F4F-4C72-4EA0-B068-D49D7C0FBF44}.Debug|Any CPU.Build.0 = Debug|Any CPU
		{05593F4F-4C72-4EA0-B068-D49D7C0FBF44}.Release|Any CPU.ActiveCfg = Release|Any CPU
		{05593F4F-4C72-4EA0-B068-D49D7C0FBF44}.Release|Any CPU.Build.0 = Release|Any CPU
	EndGlobalSection
	GlobalSection(SolutionProperties) = preSolution
		HideSolutionNode = FALSE
	EndGlobalSection
	GlobalSection(ExtensibilityGlobals) = postSolution
		SolutionGuid = {E700D6FF-588C-40A7-8BE6-3AE0B4AB4AB9}
	EndGlobalSection
EndGlobal
