
Microsoft Visual Studio Solution File, Format Version 12.00
# Visual Studio Version 17
VisualStudioVersion = 17.10.35027.167
MinimumVisualStudioVersion = 10.0.40219.1
Project("{FAE04EC0-301F-11D3-BF4B-00C04F79EFBC}") = "Leet_3534", "Leet_3534\Leet_3534.csproj", "{16AA7BDB-114A-4117-8E19-81A1647B8541}"
EndProject
Global
	GlobalSection(SolutionConfigurationPlatforms) = preSolution
		Debug|Any CPU = Debug|Any CPU
		Release|Any CPU = Release|Any CPU
	EndGlobalSection
	GlobalSection(ProjectConfigurationPlatforms) = postSolution
		{16AA7BDB-114A-4117-8E19-81A1647B8541}.Debug|Any CPU.ActiveCfg = Debug|Any CPU
		{16AA7BDB-114A-4117-8E19-81A1647B8541}.Debug|Any CPU.Build.0 = Debug|Any CPU
		{16AA7BDB-114A-4117-8E19-81A1647B8541}.Release|Any CPU.ActiveCfg = Release|Any CPU
		{16AA7BDB-114A-4117-8E19-81A1647B8541}.Release|Any CPU.Build.0 = Release|Any CPU
	EndGlobalSection
	GlobalSection(SolutionProperties) = preSolution
		HideSolutionNode = FALSE
	EndGlobalSection
	GlobalSection(ExtensibilityGlobals) = postSolution
		SolutionGuid = {AD3AAFB2-AE99-4CEC-8414-7B7B9FE712D3}
	EndGlobalSection
EndGlobal
