
Microsoft Visual Studio Solution File, Format Version 12.00
# Visual Studio Version 17
VisualStudioVersion = 17.10.35027.167
MinimumVisualStudioVersion = 10.0.40219.1
Project("{FAE04EC0-301F-11D3-BF4B-00C04F79EFBC}") = "Leet_3718", "Leet_3718\Leet_3718.csproj", "{2DD4E554-6B18-42C4-A813-33123662CC9C}"
EndProject
Global
	GlobalSection(SolutionConfigurationPlatforms) = preSolution
		Debug|Any CPU = Debug|Any CPU
		Release|Any CPU = Release|Any CPU
	EndGlobalSection
	GlobalSection(ProjectConfigurationPlatforms) = postSolution
		{2DD4E554-6B18-42C4-A813-33123662CC9C}.Debug|Any CPU.ActiveCfg = Debug|Any CPU
		{2DD4E554-6B18-42C4-A813-33123662CC9C}.Debug|Any CPU.Build.0 = Debug|Any CPU
		{2DD4E554-6B18-42C4-A813-33123662CC9C}.Release|Any CPU.ActiveCfg = Release|Any CPU
		{2DD4E554-6B18-42C4-A813-33123662CC9C}.Release|Any CPU.Build.0 = Release|Any CPU
	EndGlobalSection
	GlobalSection(SolutionProperties) = preSolution
		HideSolutionNode = FALSE
	EndGlobalSection
	GlobalSection(ExtensibilityGlobals) = postSolution
		SolutionGuid = {739A8DED-7A1D-4685-83F1-A9D1AB9DA526}
	EndGlobalSection
EndGlobal
