
Microsoft Visual Studio Solution File, Format Version 12.00
# Visual Studio Version 17
VisualStudioVersion = 17.10.35027.167
MinimumVisualStudioVersion = 10.0.40219.1
Project("{FAE04EC0-301F-11D3-BF4B-00C04F79EFBC}") = "0001_Palindrome_Number", "0001_Palindrome_Number\0001_Palindrome_Number.csproj", "{A2433D6B-2B40-4D8C-84CC-8560C48EE185}"
EndProject
Global
	GlobalSection(SolutionConfigurationPlatforms) = preSolution
		Debug|Any CPU = Debug|Any CPU
		Release|Any CPU = Release|Any CPU
	EndGlobalSection
	GlobalSection(ProjectConfigurationPlatforms) = postSolution
		{A2433D6B-2B40-4D8C-84CC-8560C48EE185}.Debug|Any CPU.ActiveCfg = Debug|Any CPU
		{A2433D6B-2B40-4D8C-84CC-8560C48EE185}.Debug|Any CPU.Build.0 = Debug|Any CPU
		{A2433D6B-2B40-4D8C-84CC-8560C48EE185}.Release|Any CPU.ActiveCfg = Release|Any CPU
		{A2433D6B-2B40-4D8C-84CC-8560C48EE185}.Release|Any CPU.Build.0 = Release|Any CPU
	EndGlobalSection
	GlobalSection(SolutionProperties) = preSolution
		HideSolutionNode = FALSE
	EndGlobalSection
	GlobalSection(ExtensibilityGlobals) = postSolution
		SolutionGuid = {6B79BBE0-8F58-4596-8625-F0D8CA0F649E}
	EndGlobalSection
EndGlobal
