
Microsoft Visual Studio Solution File, Format Version 12.00
# Visual Studio Version 17
VisualStudioVersion = 17.10.35027.167
MinimumVisualStudioVersion = 10.0.40219.1
Project("{FAE04EC0-301F-11D3-BF4B-00C04F79EFBC}") = "Leet_3876", "Leet_3876\Leet_3876.csproj", "{F439F203-6F90-464E-9D6D-17A132BE6487}"
EndProject
Global
	GlobalSection(SolutionConfigurationPlatforms) = preSolution
		Debug|Any CPU = Debug|Any CPU
		Release|Any CPU = Release|Any CPU
	EndGlobalSection
	GlobalSection(ProjectConfigurationPlatforms) = postSolution
		{F439F203-6F90-464E-9D6D-17A132BE6487}.Debug|Any CPU.ActiveCfg = Debug|Any CPU
		{F439F203-6F90-464E-9D6D-17A132BE6487}.Debug|Any CPU.Build.0 = Debug|Any CPU
		{F439F203-6F90-464E-9D6D-17A132BE6487}.Release|Any CPU.ActiveCfg = Release|Any CPU
		{F439F203-6F90-464E-9D6D-17A132BE6487}.Release|Any CPU.Build.0 = Release|Any CPU
	EndGlobalSection
	GlobalSection(SolutionProperties) = preSolution
		HideSolutionNode = FALSE
	EndGlobalSection
	GlobalSection(ExtensibilityGlobals) = postSolution
		SolutionGuid = {177A6FE0-B9B5-4874-ACBF-4DDDEC5E98AB}
	EndGlobalSection
EndGlobal
