
Microsoft Visual Studio Solution File, Format Version 12.00
# Visual Studio Version 17
VisualStudioVersion = 17.10.35027.167
MinimumVisualStudioVersion = 10.0.40219.1
Project("{FAE04EC0-301F-11D3-BF4B-00C04F79EFBC}") = "Leet_2265", "Leet_2265\Leet_2265.csproj", "{2D692C59-051B-456F-88C3-7BAC51B3257B}"
EndProject
Global
	GlobalSection(SolutionConfigurationPlatforms) = preSolution
		Debug|Any CPU = Debug|Any CPU
		Release|Any CPU = Release|Any CPU
	EndGlobalSection
	GlobalSection(ProjectConfigurationPlatforms) = postSolution
		{2D692C59-051B-456F-88C3-7BAC51B3257B}.Debug|Any CPU.ActiveCfg = Debug|Any CPU
		{2D692C59-051B-456F-88C3-7BAC51B3257B}.Debug|Any CPU.Build.0 = Debug|Any CPU
		{2D692C59-051B-456F-88C3-7BAC51B3257B}.Release|Any CPU.ActiveCfg = Release|Any CPU
		{2D692C59-051B-456F-88C3-7BAC51B3257B}.Release|Any CPU.Build.0 = Release|Any CPU
	EndGlobalSection
	GlobalSection(SolutionProperties) = preSolution
		HideSolutionNode = FALSE
	EndGlobalSection
	GlobalSection(ExtensibilityGlobals) = postSolution
		SolutionGuid = {8AF75FD6-BA3F-4B82-BC8D-FEB9D7927C97}
	EndGlobalSection
EndGlobal
