
Microsoft Visual Studio Solution File, Format Version 12.00
# Visual Studio Version 17
VisualStudioVersion = 17.10.35027.167
MinimumVisualStudioVersion = 10.0.40219.1
Project("{FAE04EC0-301F-11D3-BF4B-00C04F79EFBC}") = "Leet_1096", "Leet_1096\Leet_1096.csproj", "{87CCBF6C-016A-40E2-B627-2A703C817599}"
EndProject
Global
	GlobalSection(SolutionConfigurationPlatforms) = preSolution
		Debug|Any CPU = Debug|Any CPU
		Release|Any CPU = Release|Any CPU
	EndGlobalSection
	GlobalSection(ProjectConfigurationPlatforms) = postSolution
		{87CCBF6C-016A-40E2-B627-2A703C817599}.Debug|Any CPU.ActiveCfg = Debug|Any CPU
		{87CCBF6C-016A-40E2-B627-2A703C817599}.Debug|Any CPU.Build.0 = Debug|Any CPU
		{87CCBF6C-016A-40E2-B627-2A703C817599}.Release|Any CPU.ActiveCfg = Release|Any CPU
		{87CCBF6C-016A-40E2-B627-2A703C817599}.Release|Any CPU.Build.0 = Release|Any CPU
	EndGlobalSection
	GlobalSection(SolutionProperties) = preSolution
		HideSolutionNode = FALSE
	EndGlobalSection
	GlobalSection(ExtensibilityGlobals) = postSolution
		SolutionGuid = {99F13B01-EA46-43C8-B0F0-B7B94BE68DDC}
	EndGlobalSection
EndGlobal
