
Microsoft Visual Studio Solution File, Format Version 12.00
# Visual Studio Version 17
VisualStudioVersion = 17.10.35027.167
MinimumVisualStudioVersion = 10.0.40219.1
Project("{FAE04EC0-301F-11D3-BF4B-00C04F79EFBC}") = "Leet_3904", "Leet_3904\Leet_3904.csproj", "{D3541B53-C4EF-4D69-B0BB-294DFE85032B}"
EndProject
Global
	GlobalSection(SolutionConfigurationPlatforms) = preSolution
		Debug|Any CPU = Debug|Any CPU
		Release|Any CPU = Release|Any CPU
	EndGlobalSection
	GlobalSection(ProjectConfigurationPlatforms) = postSolution
		{D3541B53-C4EF-4D69-B0BB-294DFE85032B}.Debug|Any CPU.ActiveCfg = Debug|Any CPU
		{D3541B53-C4EF-4D69-B0BB-294DFE85032B}.Debug|Any CPU.Build.0 = Debug|Any CPU
		{D3541B53-C4EF-4D69-B0BB-294DFE85032B}.Release|Any CPU.ActiveCfg = Release|Any CPU
		{D3541B53-C4EF-4D69-B0BB-294DFE85032B}.Release|Any CPU.Build.0 = Release|Any CPU
	EndGlobalSection
	GlobalSection(SolutionProperties) = preSolution
		HideSolutionNode = FALSE
	EndGlobalSection
	GlobalSection(ExtensibilityGlobals) = postSolution
		SolutionGuid = {E51EBF12-E0E9-48E6-8E05-3723DBD495AC}
	EndGlobalSection
EndGlobal
